
Microsoft Visual Studio Solution File, Format Version 12.00
# Visual Studio Version 17
VisualStudioVersion = 17.12.35707.178 d17.12
MinimumVisualStudioVersion = 10.0.40219.1
Project("{FAE04EC0-301F-11D3-BF4B-00C04F79EFBC}") = "StringLibrary", "StringLibrary\StringLibrary.csproj", "{BCF7086A-01F3-4E50-A445-5E42FB208035}"
EndProject
Project("{FAE04EC0-301F-11D3-BF4B-00C04F79EFBC}") = "ShowCase", "ShowCase\ShowCase.csproj", "{67633A05-11FC-4EDA-9F67-E47CDEA00831}"
EndProject
Global
	GlobalSection(SolutionConfigurationPlatforms) = preSolution
		Debug|Any CPU = Debug|Any CPU
		Release|Any CPU = Release|Any CPU
	EndGlobalSection
	GlobalSection(ProjectConfigurationPlatforms) = postSolution
		{BCF7086A-01F3-4E50-A445-5E42FB208035}.Debug|Any CPU.ActiveCfg = Debug|Any CPU
		{BCF7086A-01F3-4E50-A445-5E42FB208035}.Debug|Any CPU.Build.0 = Debug|Any CPU
		{BCF7086A-01F3-4E50-A445-5E42FB208035}.Release|Any CPU.ActiveCfg = Release|Any CPU
		{BCF7086A-01F3-4E50-A445-5E42FB208035}.Release|Any CPU.Build.0 = Release|Any CPU
		{67633A05-11FC-4EDA-9F67-E47CDEA00831}.Debug|Any CPU.ActiveCfg = Debug|Any CPU
		{67633A05-11FC-4EDA-9F67-E47CDEA00831}.Debug|Any CPU.Build.0 = Debug|Any CPU
		{67633A05-11FC-4EDA-9F67-E47CDEA00831}.Release|Any CPU.ActiveCfg = Release|Any CPU
		{67633A05-11FC-4EDA-9F67-E47CDEA00831}.Release|Any CPU.Build.0 = Release|Any CPU
	EndGlobalSection
	GlobalSection(SolutionProperties) = preSolution
		HideSolutionNode = FALSE
	EndGlobalSection
EndGlobal
